
Microsoft Visual Studio Solution File, Format Version 12.00
# Visual Studio Version 17
VisualStudioVersion = 17.0.31717.71
MinimumVisualStudioVersion = 10.0.40219.1
Project("{FAE04EC0-301F-11D3-BF4B-00C04F79EFBC}") = "LinkedEntities", "LinkedEntities.csproj", "{BE53A600-0971-44BD-8888-CF7A264D744F}"
EndProject
Global
	GlobalSection(SolutionConfigurationPlatforms) = preSolution
		Debug|Any CPU = Debug|Any CPU
		Release|Any CPU = Release|Any CPU
	EndGlobalSection
	GlobalSection(ProjectConfigurationPlatforms) = postSolution
		{BE53A600-0971-44BD-8888-CF7A264D744F}.Debug|Any CPU.ActiveCfg = Debug|Any CPU
		{BE53A600-0971-44BD-8888-CF7A264D744F}.Debug|Any CPU.Build.0 = Debug|Any CPU
		{BE53A600-0971-44BD-8888-CF7A264D744F}.Release|Any CPU.ActiveCfg = Release|Any CPU
		{BE53A600-0971-44BD-8888-CF7A264D744F}.Release|Any CPU.Build.0 = Release|Any CPU
	EndGlobalSection
	GlobalSection(SolutionProperties) = preSolution
		HideSolutionNode = FALSE
	EndGlobalSection
	GlobalSection(ExtensibilityGlobals) = postSolution
		SolutionGuid = {00926FDC-D7AB-4E23-B010-01AF8E4AB1E3}
	EndGlobalSection
EndGlobal
